{
  "nodes": {
    "bundix": {
      "inputs": {
        "nixpkgs": [
          "nixpkgs"
        ]
      },
      "locked": {
        "lastModified": 1762235257,
        "narHash": "sha256-QyXFgaXQETr9BmwUbWM/2EtF+my6Arpt71xItZy3NL8=",
        "owner": "inscapist",
        "repo": "bundix",
        "rev": "2233b24084316b4de1d55321483554f457a09cfc",
        "type": "github"
      },
      "original": {
        "owner": "inscapist",
        "ref": "main",
        "repo": "bundix",
        "type": "github"
      }
    },
    "nixpkgs": {
      "locked": {
        "lastModified": 1767262774,
        "narHash": "sha256-usPHJ8h+XTBZrkK/mqo4UIB9UgLIRSoSQPcnd96BNEI=",
        "owner": "NixOS",
        "repo": "nixpkgs",
        "rev": "a16684de0110176cb592acca9efa54d4e1f54140",
        "type": "github"
      },
      "original": {
        "owner": "NixOS",
        "repo": "nixpkgs",
        "type": "github"
      }
    },
    "root": {
      "inputs": {
        "bundix": "bundix",
        "nixpkgs": "nixpkgs",
        "ruby-nix": "ruby-nix"
      }
    },
    "ruby-nix": {
      "inputs": {
        "nixpkgs": [
          "nixpkgs"
        ]
      },
      "locked": {
        "lastModified": 1755059052,
        "narHash": "sha256-yUJmmNIw11ZEIAFogqcqNomk4YV3F/zjwI1f7bYzIyY=",
        "owner": "inscapist",
        "repo": "ruby-nix",
        "rev": "86b498e80058a84461d1f533e121574d85d272d7",
        "type": "github"
      },
      "original": {
        "owner": "inscapist",
        "repo": "ruby-nix",
        "type": "github"
      }
    }
  },
  "root": "root",
  "version": 7
}
